github.com/BurntSushi/toml v0.3.1 h1:WXkYYl6Yr3qBf1K79EBnL4mak0OimBfB0XUf9Vl28OQ=
github.com/BurntSushi/toml v0.3.1/go.mod h1:xHWCNGjB5oqiDr8zfno3MHue2Ht5sIBksp03qcyfWMU=
github.com/StackExchange/wmi v0.0.0-20180725035823-b12b22c5341f h1:5ZfJxyXo8KyX8DgGXC5B7ILL8y51fci/qYz2B4j8iLY=
github.com/StackExchange/wmi v0.0.0-20180725035823-b12b22c5341f/go.mod h1:3eOhrUMpNV+6aFIbp5/iudMxNCF27Vw2OZgy4xEx0Fg=
github.com/StackExchange/wmi v0.0.0-20190523213315-cbe66965904d h1:G0m3OIz70MZUWq3EgK3CesDbo8upS2Vm9/P3FtgI+Jk=
github.com/StackExchange/wmi v0.0.0-20190523213315-cbe66965904d/go.mod h1:3eOhrUMpNV+6aFIbp5/iudMxNCF27Vw2OZgy4xEx0Fg=
github.com/coreos/go-oidc v0.0.0-20160627194544-5aa9381f6e99 h1:doZArduXBvC6OM2L6uzEgEVwqmlu5m105IypKjfYa2c=
github.com/coreos/go-oidc v0.0.0-20160627194544-5aa9381f6e99/go.mod h1:CgnwVTmzoESiwO9qyAFEMiHoZ1nMCKZlZ9V6mm3/LKc=
github.com/coreos/go-systemd v0.0.0-20160520113939-1d9051fe7a34 h1:KUojye71QZYbGrcFCJ8Ft/aEsumIIajudlb4MzmAO8Q=
github.com/coreos/go-systemd v0.0.0-20160520113939-1d9051fe7a34/go.mod h1:F5haX7vjVVG0kc13fIWeqUViNPyEJxv/OmvnBo0Yme4=
github.com/coreos/pkg v0.0.0-20160509122521-160ae6282d8c h1:BulKrldCrUn/sr5LRcOdxjnxobs1zqeVCuAP+4kWP/o=
github.com/coreos/pkg v0.0.0-20160509122521-160ae6282d8c/go.mod h1:E3G3o1h8I7cfcXa63jLwjI0eiQQMgzzUDFVpN/nH/eA=
github.com/couchbase/blance v0.0.0-20151001174410-3d39b57188c3/go.mod h1:ELsp57vDmExnh14H7S9dvm5+NJpSfNhNeac9hhOLGZk=
github.com/couchbase/cb-heartbeat v0.0.0-20170220210250-aedb0776e80d/go.mod h1:gmnivNchKgKnvdxQ4MJjgcOL7KOYEFhtA+6JPw3ROHk=
github.com/couchbase/cbauth v0.0.0-20150921204617-1323b92ac261/go.mod h1:j0qCQux2//KfCPemLUAcIKiMsQqWV9rdHQf055nb7Zc=
github.com/couchbase/cbgt v0.0.0-20180419231810-97e27ff20421/go.mod h1:Q3TtTJovt31jZjLoISez18vSCiTT4wzArX3AwP++A9E=
github.com/couchbase/clog v0.0.0-20180116195620-dcae66272b24 h1:Jmjp+gUUsYggZFxK3TEgtCDrfLSHqJ32k1ABr9Xkh5I=
github.com/couchbase/clog v0.0.0-20180116195620-dcae66272b24/go.mod h1:7tzUpEOsE+fgU81yfcjy5N1H6XtbVC8SgOz/3mCjmd4=
github.com/couchbase/clog v0.0.0-20190523192451-b8e6d5d421bc h1:raV5sJWF+axK2Nv6Zrn/pOlYfbHHlLQ2LsRowsmGABE=
github.com/couchbase/clog v0.0.0-20190523192451-b8e6d5d421bc/go.mod h1:7tzUpEOsE+fgU81yfcjy5N1H6XtbVC8SgOz/3mCjmd4=
github.com/couchbase/go-blip v0.0.0-20190405160645-e3991efe0dd9 h1:z3FGjvwUQyihCXd9eZO3t8+Hqx+iSbjrGepGhKkIOEs=
github.com/couchbase/go-blip v0.0.0-20190405160645-e3991efe0dd9/go.mod h1:qu22IkXZNutyPWTKxpy/q177Rev8lPyaXCcxxKm1p2o=
github.com/couchbase/go-couchbase v0.0.0-20181204175316-4fab5d18974b h1:V+VyIrVr8TJ9LHjrL2cyP9/nw8zIQDmZp+STzG0D93Q=
github.com/couchbase/go-couchbase v0.0.0-20181204175316-4fab5d18974b/go.mod h1:TWI8EKQMs5u5jLKW/tsb9VwauIrMIxQG1r5fMsswK5U=
github.com/couchbase/go-couchbase v0.0.0-20190625182908-7b098e7ad574 h1:+/tbyOoy/dZsA04bmbAk9tThX17c3O474j6qtau2EXA=
github.com/couchbase/go-couchbase v0.0.0-20190625182908-7b098e7ad574/go.mod h1:TWI8EKQMs5u5jLKW/tsb9VwauIrMIxQG1r5fMsswK5U=
github.com/couchbase/gocb v1.6.1 h1:Ng9m3+JS9eOP+FgcAOFbtJH7ZheiLbzzqIXszepmqb4=
github.com/couchbase/gocb v1.6.1/go.mod h1:AtRhXLpjgHmkRgG3e0K9t41qnWFonb8iohS/u/TZzxM=
github.com/couchbase/gocb v1.6.2 h1:UY3tCmAiWGDNgNNCoVs9BG31z7yxoqLxdOAFXczctpw=
github.com/couchbase/gocb v1.6.2/go.mod h1:AtRhXLpjgHmkRgG3e0K9t41qnWFonb8iohS/u/TZzxM=
github.com/couchbase/gomemcached v0.0.0-20180502221210-0da75df14530 h1:F8nmbiuX+gCz9xvWMi6Ak8HQntB4ATFXP46gaxifbp4=
github.com/couchbase/gomemcached v0.0.0-20180502221210-0da75df14530/go.mod h1:srVSlQLB8iXBVXHgnqemxUXqN6FCvClgCMPCsjBDR7c=
github.com/couchbase/gomemcached v0.0.0-20190515232915-c4b4ca0eb21d h1:XMf4E1U+b9E3ElF0mjvfXZdflBRZz4gLp16nQ/QSHQM=
github.com/couchbase/gomemcached v0.0.0-20190515232915-c4b4ca0eb21d/go.mod h1:srVSlQLB8iXBVXHgnqemxUXqN6FCvClgCMPCsjBDR7c=
github.com/couchbase/goutils v0.0.0-20180425170317-f98adca8eb36 h1:8sy/qnT4p8PAwYQmiLtrhP8MbzGcX+asgS2qLxDquZ0=
github.com/couchbase/goutils v0.0.0-20180425170317-f98adca8eb36/go.mod h1:BQwMFlJzDjFDG3DJUdU0KORxn88UlsOULuxLExMh3Hs=
github.com/couchbase/goutils v0.0.0-20190315194238-f9d42b11473b h1:bZ9rKU2/V8sY+NulSfxDOnXTWcs1rySqdF1sVepihvo=
github.com/couchbase/goutils v0.0.0-20190315194238-f9d42b11473b/go.mod h1:BQwMFlJzDjFDG3DJUdU0KORxn88UlsOULuxLExMh3Hs=
github.com/couchbase/ns_server v0.0.0-20180604233210-6d835931f574/go.mod h1:nIJFRUaELwY4sTtFKLjOOWbA6Ph8X67ctcuGOSdzLd8=
github.com/couchbase/retriever v0.0.0-20140827111458-19c5a5d92a2f/go.mod h1:Lf6b4SPd9CX30fg/aEcV4l/f2xI4xSQn5IKGwE62TIY=
github.com/couchbase/sg-bucket v0.0.0-20190418163216-31ebef88356e h1:IHrAWk84JlFNh/5c4vWeOs5f044QTJUoLPw1fdz9+dE=
github.com/couchbase/sg-bucket v0.0.0-20190418163216-31ebef88356e/go.mod h1:TbsZS/X8bc/ZdojThFt87VZmOfDBhD9IVK3tpAwxSNo=
github.com/couchbaselabs/go-fleecedelta v0.0.0-20190214165921-2b4072e9bf3f h1:u/ddJ4AkFuysGGXbcicBf5zWrfm3Z4FqlqZAqco1d0g=
github.com/couchbaselabs/go-fleecedelta v0.0.0-20190214165921-2b4072e9bf3f/go.mod h1:daOs69VstinwoALl3wwWxjBf1nD4lIe3wwYhKHKDapY=
github.com/couchbaselabs/go-fleecedelta v0.0.0-20190416160610-8fcac27fb6e1 h1:c5LHhoaFieHpJ3WW0lJhy3L4BCQb38Y3vayQSELuAUU=
github.com/couchbaselabs/go-fleecedelta v0.0.0-20190416160610-8fcac27fb6e1/go.mod h1:daOs69VstinwoALl3wwWxjBf1nD4lIe3wwYhKHKDapY=
github.com/couchbaselabs/go.assert v0.0.0-20130325201400-cfb33e3a0dac h1:E8RCOlhM2LnVvZmt08UjaLiMPKPWfH++y6//Z3Crm8E=
github.com/couchbaselabs/go.assert v0.0.0-20130325201400-cfb33e3a0dac/go.mod h1:W+vnruoWHtjv613DcpJ9AMLGey7evBt35OU0CKxd1JE=
github.com/couchbaselabs/gocbconnstr v1.0.3 h1:rkHC5N0ecbZ1NU7671ubApRdhSVc4rsulTEQ0W8O1uw=
github.com/couchbaselabs/gocbconnstr v1.0.3/go.mod h1:Mg0VKc6azyPXhSq4b/xwsrW30ORe+H5L5hucCweYhj8=
github.com/couchbaselabs/sg-replicate v0.0.0-20190619162552-d6eb45633e57 h1:+IF+GvivJ5RPM3PvCy3XT3jekEhFoI/Uwt1Y397644I=
github.com/couchbaselabs/sg-replicate v0.0.0-20190619162552-d6eb45633e57/go.mod h1:wkFc25r0eFQVyroAOFbPVhAzuJGQBp6IBrDJ+kapCPU=
github.com/couchbaselabs/sync-gateway-accel v0.0.0-20190517170921-5b388cacbe97/go.mod h1:IUg1JGhbBsS0qzSpMMPBWm7kG7rlUXB/ZH656zXJq8w=
github.com/couchbaselabs/sync_gateway_admin_ui v0.0.0-20180509213020-93c74bac9ddc h1:4FQRKwcXhFqAdfA4J5msH0pQ38cfnzv5MqwjNHLF+cA=
github.com/couchbaselabs/sync_gateway_admin_ui v0.0.0-20180509213020-93c74bac9ddc/go.mod h1:pt7ANTkboUV9mI1jEPYZS90NDNvHMl9lC5++B16qQcA=
github.com/couchbaselabs/walrus v0.0.0-20190520125252-62e1e281e957 h1:2TR8AZQCypeU3rpe+5fLes9nPz+25oNLHiHB2Hhi41I=
github.com/couchbaselabs/walrus v0.0.0-20190520125252-62e1e281e957/go.mod h1:/SmwQEBdQT9on8GJJzriUYoDAlCgQ1RSMHjzVbNnMqY=
github.com/davecgh/go-spew v1.1.0 h1:ZDRjVQ15GmhC3fiQ8ni8+OwkZQO4DARzQgrnXU1Liz8=
github.com/davecgh/go-spew v1.1.0/go.mod h1:J7Y8YcW2NihsgmVo/mv3lAwl/skON4iLHjSsI+c5H38=
github.com/davecgh/go-spew v1.1.1 h1:vj9j/u1bqnvCEfJOwUhtlOARqs3+rkHYY13jYWTU97c=
github.com/davecgh/go-spew v1.1.1/go.mod h1:J7Y8YcW2NihsgmVo/mv3lAwl/skON4iLHjSsI+c5H38=
github.com/elastic/gosigar v0.8.1-0.20181115171425-f498c67133bc h1:ivFuoSZXos1tRQysghmcDTCtkP3uVEf0JsWlDRpMcFk=
github.com/elastic/gosigar v0.8.1-0.20181115171425-f498c67133bc/go.mod h1:cdorVVzy1fhmEqmtgqkoE3bYtCfSCkVyjTyCIo22xvs=
github.com/elastic/gosigar v0.10.3 h1:xA7TJmJgaVgqEnQpYAijMI4J9V1ZM2a9z8+5gAc5FMs=
github.com/elastic/gosigar v0.10.3/go.mod h1:cdorVVzy1fhmEqmtgqkoE3bYtCfSCkVyjTyCIo22xvs=
github.com/elazarl/go-bindata-assetfs v1.0.0/go.mod h1:v+YaWX3bdea5J/mo8dSETolEo7R71Vk1u8bnjau5yw4=
github.com/go-ole/go-ole v1.2.2-0.20181122093336-ae2e2a20879a h1:YP7ohwDT8w7PwH7eIVQ68590P8v5A3tUY961DBOy2C4=
github.com/go-ole/go-ole v1.2.2-0.20181122093336-ae2e2a20879a/go.mod h1:7FAglXiTm7HKlQRDeOQ6ZNUHidzCWXuZWq/1dTyBNF8=
github.com/go-ole/go-ole v1.2.4 h1:nNBDSCOigTSiarFpYE9J/KtEA1IOW4CNeqT9TQDqCxI=
github.com/go-ole/go-ole v1.2.4/go.mod h1:XCwSNxSkXRo4vlyPy93sltvi/qJq0jqQhjqQNIwKuxM=
github.com/golang/snappy v0.0.1 h1:Qgr9rKW7uDUkrbSmQeiDsGa8SjGyCOGtuasMWwvp2P4=
github.com/golang/snappy v0.0.1/go.mod h1:/XxbfmMg8lxefKM7IXC3fBNl/7bRcc72aCRzEWrmP2Q=
github.com/google/uuid v1.0.1-0.20180828181555-e704694aed0e h1:sogdaggUzugKY5G8mflaq2AzSSGmUPD6Pi6UAZ/ugg0=
github.com/google/uuid v1.0.1-0.20180828181555-e704694aed0e/go.mod h1:TIyPZe4MgqvfeYDBFedMoGGpEw/LqOeaOT+nhxU+yHo=
github.com/google/uuid v1.1.1 h1:Gkbcsh/GbpXz7lPftLA3P6TYMwjCLYm83jiFQZF/3gY=
github.com/google/uuid v1.1.1/go.mod h1:TIyPZe4MgqvfeYDBFedMoGGpEw/LqOeaOT+nhxU+yHo=
github.com/gorilla/context v0.0.0-20141217160251-215affda49ad h1:wJwKN6X6iRRVnjdBgrkWjhBOvYm7yw5boqXwFUnBtbE=
github.com/gorilla/context v0.0.0-20141217160251-215affda49ad/go.mod h1:kBGZzfjB9CEq2AlWe17Uuf7NDRt0dE0s8S51q0aT7Yg=
github.com/gorilla/mux v1.4.1-0.20170524010104-043ee6597c29 h1:NtqwqlshtdtTkC3nFy5SdTCI+cSrwlcrS/gJsUt/at0=
github.com/gorilla/mux v1.4.1-0.20170524010104-043ee6597c29/go.mod h1:1lud6UwP+6orDFRuTfBEV8e9/aOM/c4fVVCaMa2zaAs=
github.com/gorilla/mux v1.7.2 h1:zoNxOV7WjqXptQOVngLmcSQgXmgk4NMz1HibBchjl/I=
github.com/gorilla/mux v1.7.2/go.mod h1:1lud6UwP+6orDFRuTfBEV8e9/aOM/c4fVVCaMa2zaAs=
github.com/jonboulle/clockwork v0.0.0-20151121001658-ed104f61ea48 h1:zOrm/46W/aI9qWRc9S7eoHpMB30SFPLtqqBCbnNTiiU=
github.com/jonboulle/clockwork v0.0.0-20151121001658-ed104f61ea48/go.mod h1:Ii8DK3G1RaLaWxj9trq07+26W01tbo22gdxWY5EU2bo=
github.com/kardianos/osext v0.0.0-20151222153229-29ae4ffbc9a6 h1:yZAE+xNuc/2gmWV+s5UAb43LYLZQiqyngl6IUCQGJg0=
github.com/kardianos/osext v0.0.0-20151222153229-29ae4ffbc9a6/go.mod h1:1NbS8ALrpOvjt0rHPNLyCIeMtbizbir8U//inJ+zuB8=
github.com/kardianos/service v0.0.0-20151022161119-2954cfdd7b0c h1:gnr/QaYvSJXE/QRbA+hKgWZo1IA+nuNNdYe9zFVNlgk=
github.com/kardianos/service v0.0.0-20151022161119-2954cfdd7b0c/go.mod h1:10UU/bEkzh2iEN6aYzbevY7J6p03KO5siTxQWXMEerg=
github.com/kardianos/service v1.0.0 h1:HgQS3mFfOlyntWX8Oke98JcJLqt1DBcHR4kxShpYef0=
github.com/kardianos/service v1.0.0/go.mod h1:8CzDhVuCuugtsHyZoTvsOBuvonN/UDBvl0kH+BUxvbo=
github.com/kylelemons/godebug v1.1.0 h1:RPNrshWIDI6G2gRW9EHilWtl7Z6Sb1BR0xunSBf0SNc=
github.com/kylelemons/godebug v1.1.0/go.mod h1:9/0rRGxNHcop5bhtWyNeEfOS8JIWk580+fNqagV/RAw=
github.com/natefinch/lumberjack v0.0.0-20170911140457-aee462912944 h1:xBfKI0UJ/3Anl579uFyRelUUT2umsSS8KPKVkKp+otQ=
github.com/natefinch/lumberjack v0.0.0-20170911140457-aee462912944/go.mod h1:Wi9p2TTF5DG5oU+6YfsmYQpsTIOm0B1VNzQg9Mw6nPk=
github.com/natefinch/lumberjack v2.0.0+incompatible h1:4QJd3OLAMgj7ph+yZTuX13Ld4UpgHp07nNdFX7mqFfM=
github.com/natefinch/lumberjack v2.0.0+incompatible/go.mod h1:Wi9p2TTF5DG5oU+6YfsmYQpsTIOm0B1VNzQg9Mw6nPk=
github.com/natefinch/npipe v0.0.0-20141008144358-0938d701e50e/go.mod h1:ifHPsLndGGzvgzcaXUvzmt6LxKT4pJ+uzEhtnMt+f7A=
github.com/opentracing/opentracing-go v1.0.3-0.20180412180840-6c572c00d183 h1:7JJyFKi3OIDDy0JhLtj0YflqDh4FF6wsARRdyDv3Kbs=
github.com/opentracing/opentracing-go v1.0.3-0.20180412180840-6c572c00d183/go.mod h1:UkNAQd3GIcIGf0SeVgPpRdFStlNbqXla1AfSYxPUl2o=
github.com/opentracing/opentracing-go v1.1.0 h1:pWlfV3Bxv7k65HYwkikxat0+s3pV4bsqf19k25Ur8rU=
github.com/opentracing/opentracing-go v1.1.0/go.mod h1:UkNAQd3GIcIGf0SeVgPpRdFStlNbqXla1AfSYxPUl2o=
github.com/pkg/errors v0.8.1-0.20171018195549-f15c970de5b7 h1:RcqIXZDN7Vz5lgK7+0h3MFF2JNgEu4h91palXJLJ354=
github.com/pkg/errors v0.8.1-0.20171018195549-f15c970de5b7/go.mod h1:bwawxfHBFNV+L2hUp1rHADufV3IMtnDRdf1r5NINEl0=
github.com/pkg/errors v0.8.1 h1:iURUrRGxPUNPdy5/HRSm+Yj6okJ6UtLINN0Q9M4+h3I=
github.com/pkg/errors v0.8.1/go.mod h1:bwawxfHBFNV+L2hUp1rHADufV3IMtnDRdf1r5NINEl0=
github.com/pmezard/go-difflib v1.0.0 h1:4DBwDE0NGyQoBHbLQYPwSUPoCMWR5BEzIk/f1lZbAQM=
github.com/pmezard/go-difflib v1.0.0/go.mod h1:iKH77koFhYxTK1pcRnkKkqfTogsbg7gZNVY4sRDYZ/4=
github.com/rcrowley/go-metrics v0.0.0-20150713193607-7aeccdae5c4e/go.mod h1:bCqnVzQkZxMG4s8nGwiZ5l3QUCyqpo9Y+/ZMZ9VjZe4=
github.com/robertkrimen/otto v0.0.0-20170818085146-a813c59b1b44 h1:c//St76Yk3IXEWOJ6zctvY61sC7PVjwCjy4ySHQd2JY=
github.com/robertkrimen/otto v0.0.0-20170818085146-a813c59b1b44/go.mod h1:xvqspoSXJTIpemEonrMDFq6XzwHYYgToXWj5eRX1OtY=
github.com/robertkrimen/otto v0.0.0-20180617131154-15f95af6e78d h1:1VUlQbCfkoSGv7qP7Y+ro3ap1P1pPZxgdGVqiTVy5C4=
github.com/robertkrimen/otto v0.0.0-20180617131154-15f95af6e78d/go.mod h1:xvqspoSXJTIpemEonrMDFq6XzwHYYgToXWj5eRX1OtY=
github.com/samuel/go-metrics v0.0.0-20131207023616-52e6232924c9 h1:vMRhGca1aYg4/MVDbcHKztbQbfZgWhwX20ZMjh7ns5I=
github.com/samuel/go-metrics v0.0.0-20131207023616-52e6232924c9/go.mod h1:9x9QHDfTzYlEhqmR5TGV3oelYSs2Fmlq/AnrFurKH2g=
github.com/samuel/go-metrics v0.0.0-20150819231912-7ccf3e0e1fb1 h1:UrKfubnICxHKc+p+6ePllH2U6FYR5zI+v9r3vWqDSdc=
github.com/samuel/go-metrics v0.0.0-20150819231912-7ccf3e0e1fb1/go.mod h1:9x9QHDfTzYlEhqmR5TGV3oelYSs2Fmlq/AnrFurKH2g=
github.com/sergi/go-diff v1.0.0 h1:Kpca3qRNrduNnOQeazBd0ysaKrUJiIuISHxogkT9RPQ=
github.com/sergi/go-diff v1.0.0/go.mod h1:0CfEIISq7TuYL3j771MWULgwwjU+GofnZX9QAmXWZgo=
github.com/sergi/go-diff v1.0.1-0.20180205163309-da645544ed44 h1:tB9NOR21++IjLyVx3/PCPhWMwqGNCMQEH96A6dMZ/gc=
github.com/sergi/go-diff v1.0.1-0.20180205163309-da645544ed44/go.mod h1:0CfEIISq7TuYL3j771MWULgwwjU+GofnZX9QAmXWZgo=
github.com/shirou/gopsutil v2.18.12-0.20181210112053-cce2d16538b4+incompatible h1:5Olvb/BgHOm47Q82+F+hUYJTBEdLOd3vmXqOaa7a8bY=
github.com/shirou/gopsutil v2.18.12-0.20181210112053-cce2d16538b4+incompatible/go.mod h1:5b4v6he4MtMOwMlS0TUMTu2PcXUg8+E1lC7eC3UO/RA=
github.com/shirou/gopsutil v2.18.12+incompatible h1:1eaJvGomDnH74/5cF4CTmTbLHAriGFsTZppLXDX93OM=
github.com/shirou/gopsutil v2.18.12+incompatible/go.mod h1:5b4v6he4MtMOwMlS0TUMTu2PcXUg8+E1lC7eC3UO/RA=
github.com/stretchr/objx v0.1.0/go.mod h1:HFkY916IF+rwdDfMAkV7OtwuqBVzrE8GR6GFx+wExME=
github.com/stretchr/testify v1.2.3-0.20181014000028-04af85275a5c h1:03OmljzZYsezlgAfa+f/cY8E8XXPiFh5bgANMhUlDI4=
github.com/stretchr/testify v1.2.3-0.20181014000028-04af85275a5c/go.mod h1:a8OnRcib4nhh0OaRAV+Yts87kKdq0PP7pXfy6kDkUVs=
github.com/stretchr/testify v1.3.0 h1:TivCn/peBQ7UY8ooIcPgZFpTNSz0Q2U6UrFlUfqbe0Q=
github.com/stretchr/testify v1.3.0/go.mod h1:M5WIy9Dh21IEIfnGCwXGc5bZfKNJtfHm1UVUgZn+9EI=
github.com/tleyden/fakehttp v0.0.0-20150307184655-084795c8f01f h1:PrrxxygowoXr/YSZp5JsGSedu8T36HI16sEU0mPDeqs=
github.com/tleyden/fakehttp v0.0.0-20150307184655-084795c8f01f/go.mod h1:lYhe4Ne4SPxxcWNwDfAJYvXi2q+lFP4t0qVx5bGDvEs=
golang.org/x/crypto v0.0.0-20180802221240-56440b844dfe h1:APBCFlxGVQi3YDSHtTbNXRZhDEuz9rrnVPXZA4YbUx8=
golang.org/x/crypto v0.0.0-20180802221240-56440b844dfe/go.mod h1:6SG95UA2DQfeDnfUPMdvaQW0Q7yPrPDi9nlGo2tz2b4=
golang.org/x/crypto v0.0.0-20190308221718-c2843e01d9a2/go.mod h1:djNgcEr1/C05ACkg1iLfiJU5Ep61QUkGW8qpdssI0+w=
golang.org/x/crypto v0.0.0-20190621222207-cc06ce4a13d4 h1:ydJNl0ENAG67pFbB+9tfhiL2pYqLhfoaZFw/cjLhY4A=
golang.org/x/crypto v0.0.0-20190621222207-cc06ce4a13d4/go.mod h1:yigFU9vqHzYiE8UmvKecakEJjdnWj3jj499lnFckfCI=
golang.org/x/net v0.0.0-20190403170519-48a9fcba44db h1:0fiGz3SU59W2ociQI8U12BaNJJJrgLQcECLFHYSpKew=
golang.org/x/net v0.0.0-20190403170519-48a9fcba44db/go.mod h1:mL1N/T3taQHkDXs73rZJwtUhF3w3ftmwwsq0BUmARs4=
golang.org/x/net v0.0.0-20190404232315-eb5bcb51f2a3/go.mod h1:t9HGtf8HONx5eT2rtn7q6eTqICYqUVnKs3thJo3Qplg=
golang.org/x/net v0.0.0-20190620200207-3b0461eec859 h1:R/3boaszxrf1GEUWTVDzSKVwLmSJpwZ1yqXm8j0v2QI=
golang.org/x/net v0.0.0-20190620200207-3b0461eec859/go.mod h1:z5CRVTTTmAJ677TzLLGU+0bjPO0LkuOLi4/5GtJWs/s=
golang.org/x/sys v0.0.0-20180810173357-98c5dad5d1a0 h1:8H8QZJ30plJyIVj60H3lr8TZGIq2Fh3Cyrs/ZNg1foU=
golang.org/x/sys v0.0.0-20180810173357-98c5dad5d1a0/go.mod h1:STP8DvDyc/dI5b8T5hshtkjS+E42TnysNCUPdjciGhY=
golang.org/x/sys v0.0.0-20190204203706-41f3e6584952/go.mod h1:STP8DvDyc/dI5b8T5hshtkjS+E42TnysNCUPdjciGhY=
golang.org/x/sys v0.0.0-20190215142949-d0b11bdaac8a/go.mod h1:STP8DvDyc/dI5b8T5hshtkjS+E42TnysNCUPdjciGhY=
golang.org/x/sys v0.0.0-20190412213103-97732733099d h1:+R4KGOnez64A81RvjARKc4UT5/tI9ujCIVX+P5KiHuI=
golang.org/x/sys v0.0.0-20190412213103-97732733099d/go.mod h1:h1NjWce9XRLGQEsW7wpKNCjG9DtNlClVuFLEZdDNbEs=
golang.org/x/text v0.3.0 h1:g61tztE5qeGQ89tm6NTjjM9VPIm088od1l6aSorWRWg=
golang.org/x/text v0.3.0/go.mod h1:NqM8EUOU14njkJ3fqMW+pc6Ldnwhi/IjpwHt7yyuwOQ=
golang.org/x/text v0.3.1-0.20180805044716-cb6730876b98 h1:Cf5h/jCzhiiL0W8VrlJhOm+8+YYZPMHXcHsruWXnD40=
golang.org/x/text v0.3.1-0.20180805044716-cb6730876b98/go.mod h1:NqM8EUOU14njkJ3fqMW+pc6Ldnwhi/IjpwHt7yyuwOQ=
gopkg.in/check.v1 v0.0.0-20161208181325-20d25e280405 h1:yhCVgyC4o1eVCa2tZl7eS0r+SDo693bJlVdllGtEeKM=
gopkg.in/check.v1 v0.0.0-20161208181325-20d25e280405/go.mod h1:Co6ibVJAznAaIkqp8huTwlJQCZ016jof/cbN4VW5Yz0=
gopkg.in/couchbase/gocbcore.v7 v7.1.13 h1:chtznc1kxxsudXZl293QEhUXfyOlxakFtSPmKhon2r8=
gopkg.in/couchbase/gocbcore.v7 v7.1.13/go.mod h1:48d2Be0MxRtsyuvn+mWzqmoGUG9uA00ghopzOs148/E=
gopkg.in/couchbaselabs/gocbconnstr.v1 v1.0.3 h1:TyS8lllFlPf6lje6DtB4md2WPLidgBN6aRWowqQwkWE=
gopkg.in/couchbaselabs/gocbconnstr.v1 v1.0.3/go.mod h1:ZjII0iKx4Veo6N6da+pEZu/ptNyKLg9QTVt7fFmR6sw=
gopkg.in/couchbaselabs/gojcbmock.v1 v1.0.3 h1:7n5tht07rEuogME6fmi6FVglIAUFD8m4t8ZQbnUq0sA=
gopkg.in/couchbaselabs/gojcbmock.v1 v1.0.3/go.mod h1:jl/gd/aQ2S8whKVSTnsPs6n7BPeaAuw9UglBD/OF7eo=
gopkg.in/couchbaselabs/jsonx.v1 v1.0.0 h1:SJGarb8dXAsVZWizC26rxBkBYEKhSUxVh5wAnyzBVaI=
gopkg.in/couchbaselabs/jsonx.v1 v1.0.0/go.mod h1:oR201IRovxvLW/eISevH12/+MiKHtNQAKfcX8iWZvJY=
gopkg.in/natefinch/lumberjack.v2 v2.0.0 h1:1Lc07Kr7qY4U2YPouBjpCLxpiyxIVoxqXgkXLknAOE8=
gopkg.in/natefinch/lumberjack.v2 v2.0.0/go.mod h1:l0ndWWf7gzL7RNwBG7wST/UCcT4T24xpD6X8LsfU/+k=
gopkg.in/sourcemap.v1 v1.0.5 h1:inv58fC9f9J3TK2Y2R1NPntXEn3/wjWHkonhIUODNTI=
gopkg.in/sourcemap.v1 v1.0.5/go.mod h1:2RlvNNSMglmRrcvhfuzp4hQHwOtjxlbjX7UPY/GXb78=
gopkg.in/yaml.v2 v2.2.2 h1:ZCJp+EgiOT7lHqUV2J862kp8Qj64Jo6az82+3Td9dZw=
gopkg.in/yaml.v2 v2.2.2/go.mod h1:hI93XBmqTisBFMUTm0b8Fm+jr3Dg1NNxqwp+5A1VGuI=
