{
  "name": "sync-gateway-openapi-tooling",
  "lockfileVersion": 3,
  "requires": true,
  "packages": {
    "": {
      "name": "sync-gateway-openapi-tooling",
      "devDependencies": {
        "@redocly/cli": "2.47.0"
      }
    },
    "node_modules/@redocly/cli": {
      "version": "2.47.0",
      "resolved": "https://registry.npmjs.org/@redocly/cli/-/cli-2.47.0.tgz",
      "integrity": "sha512-4sv638LZxiUSsNGqfWPzA2hrNM4KrNRc9jOaH9igqDJlZimiGCYliVpbdrWvfL/YlaSnIBpJE1O1CveXDYTTWw==",
      "dev": true,
      "license": "MIT",
      "bin": {
        "openapi": "bin/cli.js",
        "redocly": "bin/cli.js"
      },
      "engines": {
        "node": ">=22.12.0 || >=20.19.0 <21.0.0",
        "npm": ">=10"
      }
    }
  }
}
