{
  "name": "sync-gateway-openapi-tooling",
  "lockfileVersion": 3,
  "requires": true,
  "packages": {
    "": {
      "name": "sync-gateway-openapi-tooling",
      "devDependencies": {
        "@redocly/cli": "2.55.0"
      }
    },
    "node_modules/@redocly/cli": {
      "version": "2.55.0",
      "resolved": "https://registry.npmjs.org/@redocly/cli/-/cli-2.55.0.tgz",
      "integrity": "sha512-YKDNfgv7hHsbWeudSLw8CQumX8LZeztdBht82yfFZLIg62BL6srKBzM0SIG+Ct+cnkHfkM0jzJ7OSP0I62W53Q==",
      "dev": true,
      "license": "MIT",
      "bin": {
        "openapi": "bin/cli.js",
        "redocly": "bin/cli.js"
      },
      "engines": {
        "node": ">=22.12.0 || >=20.19.0 <21.0.0",
        "npm": ">=10"
      }
    }
  }
}
