{
  "name": "sync-gateway-openapi-tooling",
  "lockfileVersion": 3,
  "requires": true,
  "packages": {
    "": {
      "name": "sync-gateway-openapi-tooling",
      "devDependencies": {
        "@redocly/cli": "2.53.1"
      }
    },
    "node_modules/@redocly/cli": {
      "version": "2.53.1",
      "resolved": "https://registry.npmjs.org/@redocly/cli/-/cli-2.53.1.tgz",
      "integrity": "sha512-NzfSDjHZMMY5qvoXWT5Xz3qIdEEzlxjukU1hytgxY0UMTVroCLm8xprzVjDcMW/2L/P6zgP3vzIZBqS0tG69eA==",
      "dev": true,
      "license": "MIT",
      "bin": {
        "openapi": "bin/cli.js",
        "redocly": "bin/cli.js"
      },
      "engines": {
        "node": ">=22.12.0 || >=20.19.0 <21.0.0",
        "npm": ">=10"
      }
    }
  }
}
