version = 1
revision = 3
requires-python = "==3.13.*"

[[package]]
name = "cffi"
version = "2.0.0"
source = { registry = "https://pypi.org/simple" }
dependencies = [
    { name = "pycparser", marker = "implementation_name != 'PyPy'" },
]
sdist = { url = "https://files.pythonhosted.org/packages/eb/56/b1ba7935a17738ae8453301356628e8147c79dbb825bcbc73dc7401f9846/cffi-2.0.0.tar.gz", hash = "sha256:44d1b5909021139fe36001ae048dbdde8214afa20200eda0f64c068cac5d5529", size = 523588, upload-time = "2025-09-08T23:24:04.541Z" }
wheels = [
    { url = "https://files.pythonhosted.org/packages/4b/8d/a0a47a0c9e413a658623d014e91e74a50cdd2c423f7ccfd44086ef767f90/cffi-2.0.0-cp313-cp313-macosx_10_13_x86_64.whl", hash = "sha256:00bdf7acc5f795150faa6957054fbbca2439db2f775ce831222b66f192f03beb", size = 185230, upload-time = "2025-09-08T23:23:00.879Z" },
    { url = "https://files.pythonhosted.org/packages/4a/d2/a6c0296814556c68ee32009d9c2ad4f85f2707cdecfd7727951ec228005d/cffi-2.0.0-cp313-cp313-macosx_11_0_arm64.whl", hash = "sha256:45d5e886156860dc35862657e1494b9bae8dfa63bf56796f2fb56e1679fc0bca", size = 181043, upload-time = "2025-09-08T23:23:02.231Z" },
    { url = "https://files.pythonhosted.org/packages/b0/1e/d22cc63332bd59b06481ceaac49d6c507598642e2230f201649058a7e704/cffi-2.0.0-cp313-cp313-manylinux1_i686.manylinux2014_i686.manylinux_2_17_i686.manylinux_2_5_i686.whl", hash = "sha256:07b271772c100085dd28b74fa0cd81c8fb1a3ba18b21e03d7c27f3436a10606b", size = 212446, upload-time = "2025-09-08T23:23:03.472Z" },
    { url = "https://files.pythonhosted.org/packages/a9/f5/a2c23eb03b61a0b8747f211eb716446c826ad66818ddc7810cc2cc19b3f2/cffi-2.0.0-cp313-cp313-manylinux2014_aarch64.manylinux_2_17_aarch64.whl", hash = "sha256:d48a880098c96020b02d5a1f7d9251308510ce8858940e6fa99ece33f610838b", size = 220101, upload-time = "2025-09-08T23:23:04.792Z" },
    { url = "https://files.pythonhosted.org/packages/f2/7f/e6647792fc5850d634695bc0e6ab4111ae88e89981d35ac269956605feba/cffi-2.0.0-cp313-cp313-manylinux2014_ppc64le.manylinux_2_17_ppc64le.whl", hash = "sha256:f93fd8e5c8c0a4aa1f424d6173f14a892044054871c771f8566e4008eaa359d2", size = 207948, upload-time = "2025-09-08T23:23:06.127Z" },
    { url = "https://files.pythonhosted.org/packages/cb/1e/a5a1bd6f1fb30f22573f76533de12a00bf274abcdc55c8edab639078abb6/cffi-2.0.0-cp313-cp313-manylinux2014_s390x.manylinux_2_17_s390x.whl", hash = "sha256:dd4f05f54a52fb558f1ba9f528228066954fee3ebe629fc1660d874d040ae5a3", size = 206422, upload-time = "2025-09-08T23:23:07.753Z" },
    { url = "https://files.pythonhosted.org/packages/98/df/0a1755e750013a2081e863e7cd37e0cdd02664372c754e5560099eb7aa44/cffi-2.0.0-cp313-cp313-manylinux2014_x86_64.manylinux_2_17_x86_64.whl", hash = "sha256:c8d3b5532fc71b7a77c09192b4a5a200ea992702734a2e9279a37f2478236f26", size = 219499, upload-time = "2025-09-08T23:23:09.648Z" },
    { url = "https://files.pythonhosted.org/packages/50/e1/a969e687fcf9ea58e6e2a928ad5e2dd88cc12f6f0ab477e9971f2309b57c/cffi-2.0.0-cp313-cp313-musllinux_1_2_aarch64.whl", hash = "sha256:d9b29c1f0ae438d5ee9acb31cadee00a58c46cc9c0b2f9038c6b0b3470877a8c", size = 222928, upload-time = "2025-09-08T23:23:10.928Z" },
    { url = "https://files.pythonhosted.org/packages/36/54/0362578dd2c9e557a28ac77698ed67323ed5b9775ca9d3fe73fe191bb5d8/cffi-2.0.0-cp313-cp313-musllinux_1_2_x86_64.whl", hash = "sha256:6d50360be4546678fc1b79ffe7a66265e28667840010348dd69a314145807a1b", size = 221302, upload-time = "2025-09-08T23:23:12.42Z" },
    { url = "https://files.pythonhosted.org/packages/eb/6d/bf9bda840d5f1dfdbf0feca87fbdb64a918a69bca42cfa0ba7b137c48cb8/cffi-2.0.0-cp313-cp313-win32.whl", hash = "sha256:74a03b9698e198d47562765773b4a8309919089150a0bb17d829ad7b44b60d27", size = 172909, upload-time = "2025-09-08T23:23:14.32Z" },
    { url = "https://files.pythonhosted.org/packages/37/18/6519e1ee6f5a1e579e04b9ddb6f1676c17368a7aba48299c3759bbc3c8b3/cffi-2.0.0-cp313-cp313-win_amd64.whl", hash = "sha256:19f705ada2530c1167abacb171925dd886168931e0a7b78f5bffcae5c6b5be75", size = 183402, upload-time = "2025-09-08T23:23:15.535Z" },
    { url = "https://files.pythonhosted.org/packages/cb/0e/02ceeec9a7d6ee63bb596121c2c8e9b3a9e150936f4fbef6ca1943e6137c/cffi-2.0.0-cp313-cp313-win_arm64.whl", hash = "sha256:256f80b80ca3853f90c21b23ee78cd008713787b1b1e93eae9f3d6a7134abd91", size = 177780, upload-time = "2025-09-08T23:23:16.761Z" },
]

[[package]]
name = "colorama"
version = "0.4.6"
source = { registry = "https://pypi.org/simple" }
sdist = { url = "https://files.pythonhosted.org/packages/d8/53/6f443c9a4a8358a93a6792e2acffb9d9d5cb0a5cfd8802644b7b1c9a02e4/colorama-0.4.6.tar.gz", hash = "sha256:08695f5cb7ed6e0531a20572697297273c47b8cae5a63ffc6d6ed5c201be6e44", size = 27697, upload-time = "2022-10-25T02:36:22.414Z" }
wheels = [
    { url = "https://files.pythonhosted.org/packages/d1/d6/3965ed04c63042e047cb6a3e6ed1a63a35087b6a609aa3a15ed8ac56c221/colorama-0.4.6-py2.py3-none-any.whl", hash = "sha256:4f1d9991f5acc0ca119f9d443620b77f9d6b33703e51011c16baf57afb285fc6", size = 25335, upload-time = "2022-10-25T02:36:20.889Z" },
]

[[package]]
name = "cryptography"
version = "50.0.0"
source = { registry = "https://pypi.org/simple" }
dependencies = [
    { name = "cffi", marker = "platform_python_implementation != 'PyPy'" },
]
sdist = { url = "https://files.pythonhosted.org/packages/de/41/6cbdcf9142d00fe82836fbb51e503e58088575cf7a0fe1dbff6695bf0840/cryptography-50.0.0.tar.gz", hash = "sha256:eeac2acb5a20ed25e0ad6d1df9891a520b78b404266b6d11778f25d5d691a6c9", size = 880201, upload-time = "2026-07-31T14:25:10.11Z" }
wheels = [
    { url = "https://files.pythonhosted.org/packages/c5/5c/59086b4aac5e879d38ddbcf74e4be7ade89cebc3eb199a55da998c3bb46a/cryptography-50.0.0-cp311-abi3-macosx_11_0_arm64.whl", hash = "sha256:031e2d5dd4bb9caa3ca9c82e5a197fd8ae680232cee62603d1a813f3f07e3d03", size = 4001252, upload-time = "2026-07-31T14:23:33.331Z" },
    { url = "https://files.pythonhosted.org/packages/57/ef/8f2df13c7216bcad3e1c74e07f6e193d93e998e114f524a53877c9af27ad/cryptography-50.0.0-cp311-abi3-manylinux2014_aarch64.manylinux_2_17_aarch64.whl", hash = "sha256:fd9192b7b70c573d7f214eb1ae35e00d359f6f5e4b27c7e21e30de1fc6204645", size = 4719554, upload-time = "2026-07-31T14:23:35.611Z" },
    { url = "https://files.pythonhosted.org/packages/d9/41/029086c34d91052fc3b88bcc8056f709a7c915c7a23b235a54eb800b1c97/cryptography-50.0.0-cp311-abi3-manylinux2014_x86_64.manylinux_2_17_x86_64.whl", hash = "sha256:06a32a980526a6ab9a4b9bf8f7385800791e2bb960903cb6b530e4817509a3b7", size = 4702130, upload-time = "2026-07-31T14:23:37.635Z" },
    { url = "https://files.pythonhosted.org/packages/7d/ff/b6ce0954962e7f7b969f850a883744197bb3910bdfd7b6da162eab7d9f68/cryptography-50.0.0-cp311-abi3-manylinux_2_28_aarch64.whl", hash = "sha256:a1b30560f2acc95aa8b2e06e716a13dbfc97314747b80d9707e307f77b40d6b3", size = 4725244, upload-time = "2026-07-31T14:23:39.471Z" },
    { url = "https://files.pythonhosted.org/packages/06/1e/63a1027cb7fec360a182208e1b7767d5aa1fe57be3d6aa856e69a321edc0/cryptography-50.0.0-cp311-abi3-manylinux_2_28_ppc64le.whl", hash = "sha256:8d89f3976b10b4ce31118de72329025f70d2c6ead14a8217c5514dd2c6d5a78f", size = 5342265, upload-time = "2026-07-31T14:23:41.286Z" },
    { url = "https://files.pythonhosted.org/packages/6b/72/a1116d683a6d7ece94590013882515de087edf9ef0e6292aae615a44df73/cryptography-50.0.0-cp311-abi3-manylinux_2_28_x86_64.whl", hash = "sha256:b42a28c1844fd9de8f3f7d540e36b66f3a9c83fceac7170ebc7a6a19edd9dcae", size = 4734609, upload-time = "2026-07-31T14:23:43.139Z" },
    { url = "https://files.pythonhosted.org/packages/15/37/36a9c479bbe49acea2636c7fd3360d20f7b7e079c300352011c44850b181/cryptography-50.0.0-cp311-abi3-manylinux_2_31_armv7l.whl", hash = "sha256:900131fafd8aead39ac7dd3a7e833be754c17a95cfd91221636949fe4eb0aa8a", size = 4356517, upload-time = "2026-07-31T14:23:44.939Z" },
    { url = "https://files.pythonhosted.org/packages/32/98/8a151d64367204cbc63ec65d37502f1d9c53cf4bfc6ec3c532614dbec60d/cryptography-50.0.0-cp311-abi3-manylinux_2_34_aarch64.whl", hash = "sha256:07949c449a1abcf60d1ee6e88956d89404c7df3c8258f46589e912988e551987", size = 4724529, upload-time = "2026-07-31T14:23:46.93Z" },
    { url = "https://files.pythonhosted.org/packages/22/f6/ec13b470172126464a86bf54d2294a46d29837fc51ba3e45d4047946fb5e/cryptography-50.0.0-cp311-abi3-manylinux_2_34_ppc64le.whl", hash = "sha256:f89831ef99dd7dd169ab06d63a831adb9e20a87aac6d380266bbda5823349169", size = 5299852, upload-time = "2026-07-31T14:23:48.851Z" },
    { url = "https://files.pythonhosted.org/packages/da/3a/f05e32c99d440c9bb891ea0e36c9091891e36be5a9a87ab2ee6ea20729f6/cryptography-50.0.0-cp311-abi3-manylinux_2_34_x86_64.whl", hash = "sha256:82148ec5bddac30b51a5b3c1945075f896fa022cb93f8e4a01e9f6ee95292c5f", size = 4734462, upload-time = "2026-07-31T14:23:50.861Z" },
    { url = "https://files.pythonhosted.org/packages/ca/dc/bd72b26be8953f80625f63151efd38eee71c76ca6cf591c08ff34615a79e/cryptography-50.0.0-cp311-abi3-musllinux_1_2_aarch64.whl", hash = "sha256:1489e263a8048bb8b6a8bac662eb2d402ea5d2b7b4699b72f385f1e2772db105", size = 4852708, upload-time = "2026-07-31T14:23:52.715Z" },
    { url = "https://files.pythonhosted.org/packages/27/20/c930314a2ab476d15dec966ec87e2e9637bb02b06106b12c0396c57bb603/cryptography-50.0.0-cp311-abi3-musllinux_1_2_x86_64.whl", hash = "sha256:7cec5b856506da6defb290f30c9ee687d5f5e8cb0bd3f6459dde43b0b4fa40ef", size = 5004179, upload-time = "2026-07-31T14:23:54.887Z" },
    { url = "https://files.pythonhosted.org/packages/32/2e/c9db68a0c4bfa28e310707527c0ee3a2bd254104d2e02e68f368e197aa4c/cryptography-50.0.0-cp311-abi3-win_amd64.whl", hash = "sha256:bd1c592e4d5974f0d08d4888e432157adba757c66da0246918e43677fafa2d30", size = 3840395, upload-time = "2026-07-31T14:23:56.677Z" },
    { url = "https://files.pythonhosted.org/packages/03/37/73d005be173aff344af30e9fd2a576575cb2391a7101d9cd3842e1fa8cce/cryptography-50.0.0-cp39-abi3-macosx_11_0_arm64.whl", hash = "sha256:ccdc4a71a4dabae05de219404f9f4abc38e3b58422177ff93d0da05967dafa07", size = 4036009, upload-time = "2026-07-31T14:24:24.122Z" },
    { url = "https://files.pythonhosted.org/packages/ff/c6/7a6202a534e32103a285b7834a120869557fe198d51d7cfe59754c8bda9c/cryptography-50.0.0-cp39-abi3-manylinux2014_aarch64.manylinux_2_17_aarch64.whl", hash = "sha256:910e1d2668e7de9648f2bcee30e180db2a6b15c30f887d7c4c93ddf96e3992e3", size = 4745252, upload-time = "2026-07-31T14:24:26.118Z" },
    { url = "https://files.pythonhosted.org/packages/85/4f/0fa8c2f4428198f15d9ff8d63400e27afbf94ce833f6108da1eb3753f945/cryptography-50.0.0-cp39-abi3-manylinux2014_x86_64.manylinux_2_17_x86_64.whl", hash = "sha256:a91296cb61e8df6f86d0c19cc4068228da256bf59bf86049fbd821084565327f", size = 4728939, upload-time = "2026-07-31T14:24:27.994Z" },
    { url = "https://files.pythonhosted.org/packages/d1/63/54dd723490ba2dc09b299682c10b38db38f159728bcaae8c591b8af2f22d/cryptography-50.0.0-cp39-abi3-manylinux_2_28_aarch64.whl", hash = "sha256:e722f16708d854fe924790e051061f6704a472c3bac347b6fd88033ea8dd0dc5", size = 4748483, upload-time = "2026-07-31T14:24:30.254Z" },
    { url = "https://files.pythonhosted.org/packages/1d/dd/7c77d26285cc7f6991efce64a0f5b4f9383bfa5dd8c5033003eaf7db4cdb/cryptography-50.0.0-cp39-abi3-manylinux_2_28_ppc64le.whl", hash = "sha256:d764dcf130c428ef66786f866dd750f53182bc608813489915e9fc106bb0c82f", size = 5367599, upload-time = "2026-07-31T14:24:32.457Z" },
    { url = "https://files.pythonhosted.org/packages/46/c9/f60aed34c013f317f92817b6c171c2d22a78270fa41109bd4b08af26b194/cryptography-50.0.0-cp39-abi3-manylinux_2_28_x86_64.whl", hash = "sha256:105110f43a471dbd0060b9c9516cb8a6a79233631a04cc2ba16f28323ac6e025", size = 4762647, upload-time = "2026-07-31T14:24:34.599Z" },
    { url = "https://files.pythonhosted.org/packages/be/f3/f9a0173b139372c3a48ed98154b45cc6b9de17c789d5ab552e621c293609/cryptography-50.0.0-cp39-abi3-manylinux_2_31_armv7l.whl", hash = "sha256:828743d939e9629bc267b8e2d08d8bb67cd4319c771a33d4b18b22dd8fb7440a", size = 4385197, upload-time = "2026-07-31T14:24:36.647Z" },
    { url = "https://files.pythonhosted.org/packages/d8/36/83bb81f6e569bc38e1e4a7bc80f29b46bb9601920bc455fc8e888f5d5742/cryptography-50.0.0-cp39-abi3-manylinux_2_34_aarch64.whl", hash = "sha256:2a8183b489dc1f7f80f135780fadc1108f14b31b8a40411c7a5b17425f65f28b", size = 4748095, upload-time = "2026-07-31T14:24:39.493Z" },
    { url = "https://files.pythonhosted.org/packages/6b/16/d3008eff98c764979865834c3d386d4fd041b5f52e7f34fc29ac1a5eb515/cryptography-50.0.0-cp39-abi3-manylinux_2_34_ppc64le.whl", hash = "sha256:6e7d61120573a7f2cd94cc095f9e81f6967c61ccdf194285aa143ecec8e0b708", size = 5325948, upload-time = "2026-07-31T14:24:41.556Z" },
    { url = "https://files.pythonhosted.org/packages/9c/f8/d97f9603efda3888187bfdb893f26c41be4735c10631d05d284ee6b047c4/cryptography-50.0.0-cp39-abi3-manylinux_2_34_x86_64.whl", hash = "sha256:37fdb0d0111f1e2ff07139dfb79f1b49531f8e213c46f1163dd7642979b58c47", size = 4762400, upload-time = "2026-07-31T14:24:43.636Z" },
    { url = "https://files.pythonhosted.org/packages/64/a2/4615c8f7d81a00b1d6e6afe19f694e1543582349fb5f4076f6cb5dc36485/cryptography-50.0.0-cp39-abi3-musllinux_1_2_aarch64.whl", hash = "sha256:c87f62a3d3b9888ed0fdde100ec06aa61ca9cd44bad9057d1dff9a516b5f5bb9", size = 4878208, upload-time = "2026-07-31T14:24:45.522Z" },
    { url = "https://files.pythonhosted.org/packages/d2/1a/efcfb02f91407149a0dacffffab791f7e19bf6385f63b3666dc8b5e5c9c8/cryptography-50.0.0-cp39-abi3-musllinux_1_2_x86_64.whl", hash = "sha256:65c2c3add92b45fd0709db8594536aea39c2a67af0e27ffcf049c498501140b7", size = 5037050, upload-time = "2026-07-31T14:24:47.697Z" },
    { url = "https://files.pythonhosted.org/packages/57/30/4a22984d4f1bdfb8c054f07a92bc176b97a3134cc1d6c4b3bffb1f3688b4/cryptography-50.0.0-cp39-abi3-win_amd64.whl", hash = "sha256:d24fead1d4d076e1bfb006dcec392074a3cd8d7b4fc8a595aa64073b2b7a96ba", size = 3874135, upload-time = "2026-07-31T14:24:50.085Z" },
]

[[package]]
name = "idna"
version = "3.15"
source = { registry = "https://pypi.org/simple" }
sdist = { url = "https://files.pythonhosted.org/packages/82/77/7b3966d0b9d1d31a36ddf1746926a11dface89a83409bf1483f0237aa758/idna-3.15.tar.gz", hash = "sha256:ca962446ea538f7092a95e057da437618e886f4d349216d2b1e294abfdb65fdc", size = 199245, upload-time = "2026-05-12T22:45:57.011Z" }
wheels = [
    { url = "https://files.pythonhosted.org/packages/d2/23/408243171aa9aaba178d3e2559159c24c1171a641aa83b67bdd3394ead8e/idna-3.15-py3-none-any.whl", hash = "sha256:048adeaf8c2d788c40fee287673ccaa74c24ffd8dcf09ffa555a2fbb59f10ac8", size = 72340, upload-time = "2026-05-12T22:45:55.733Z" },
]

[[package]]
name = "iniconfig"
version = "2.3.0"
source = { registry = "https://pypi.org/simple" }
sdist = { url = "https://files.pythonhosted.org/packages/72/34/14ca021ce8e5dfedc35312d08ba8bf51fdd999c576889fc2c24cb97f4f10/iniconfig-2.3.0.tar.gz", hash = "sha256:c76315c77db068650d49c5b56314774a7804df16fee4402c1f19d6d15d8c4730", size = 20503, upload-time = "2025-10-18T21:55:43.219Z" }
wheels = [
    { url = "https://files.pythonhosted.org/packages/cb/b1/3846dd7f199d53cb17f49cba7e651e9ce294d8497c8c150530ed11865bb8/iniconfig-2.3.0-py3-none-any.whl", hash = "sha256:f631c04d2c48c52b84d0d0549c99ff3859c98df65b3101406327ecc7d53fbf12", size = 7484, upload-time = "2025-10-18T21:55:41.639Z" },
]

[[package]]
name = "markupsafe"
version = "3.0.3"
source = { registry = "https://pypi.org/simple" }
sdist = { url = "https://files.pythonhosted.org/packages/7e/99/7690b6d4034fffd95959cbe0c02de8deb3098cc577c67bb6a24fe5d7caa7/markupsafe-3.0.3.tar.gz", hash = "sha256:722695808f4b6457b320fdc131280796bdceb04ab50fe1795cd540799ebe1698", size = 80313, upload-time = "2025-09-27T18:37:40.426Z" }
wheels = [
    { url = "https://files.pythonhosted.org/packages/38/2f/907b9c7bbba283e68f20259574b13d005c121a0fa4c175f9bed27c4597ff/markupsafe-3.0.3-cp313-cp313-macosx_10_13_x86_64.whl", hash = "sha256:e1cf1972137e83c5d4c136c43ced9ac51d0e124706ee1c8aa8532c1287fa8795", size = 11622, upload-time = "2025-09-27T18:36:41.777Z" },
    { url = "https://files.pythonhosted.org/packages/9c/d9/5f7756922cdd676869eca1c4e3c0cd0df60ed30199ffd775e319089cb3ed/markupsafe-3.0.3-cp313-cp313-macosx_11_0_arm64.whl", hash = "sha256:116bb52f642a37c115f517494ea5feb03889e04df47eeff5b130b1808ce7c219", size = 12029, upload-time = "2025-09-27T18:36:43.257Z" },
    { url = "https://files.pythonhosted.org/packages/00/07/575a68c754943058c78f30db02ee03a64b3c638586fba6a6dd56830b30a3/markupsafe-3.0.3-cp313-cp313-manylinux2014_aarch64.manylinux_2_17_aarch64.manylinux_2_28_aarch64.whl", hash = "sha256:133a43e73a802c5562be9bbcd03d090aa5a1fe899db609c29e8c8d815c5f6de6", size = 24374, upload-time = "2025-09-27T18:36:44.508Z" },
    { url = "https://files.pythonhosted.org/packages/a9/21/9b05698b46f218fc0e118e1f8168395c65c8a2c750ae2bab54fc4bd4e0e8/markupsafe-3.0.3-cp313-cp313-manylinux2014_x86_64.manylinux_2_17_x86_64.manylinux_2_28_x86_64.whl", hash = "sha256:ccfcd093f13f0f0b7fdd0f198b90053bf7b2f02a3927a30e63f3ccc9df56b676", size = 22980, upload-time = "2025-09-27T18:36:45.385Z" },
    { url = "https://files.pythonhosted.org/packages/7f/71/544260864f893f18b6827315b988c146b559391e6e7e8f7252839b1b846a/markupsafe-3.0.3-cp313-cp313-manylinux_2_31_riscv64.manylinux_2_39_riscv64.whl", hash = "sha256:509fa21c6deb7a7a273d629cf5ec029bc209d1a51178615ddf718f5918992ab9", size = 21990, upload-time = "2025-09-27T18:36:46.916Z" },
    { url = "https://files.pythonhosted.org/packages/c2/28/b50fc2f74d1ad761af2f5dcce7492648b983d00a65b8c0e0cb457c82ebbe/markupsafe-3.0.3-cp313-cp313-musllinux_1_2_aarch64.whl", hash = "sha256:a4afe79fb3de0b7097d81da19090f4df4f8d3a2b3adaa8764138aac2e44f3af1", size = 23784, upload-time = "2025-09-27T18:36:47.884Z" },
    { url = "https://files.pythonhosted.org/packages/ed/76/104b2aa106a208da8b17a2fb72e033a5a9d7073c68f7e508b94916ed47a9/markupsafe-3.0.3-cp313-cp313-musllinux_1_2_riscv64.whl", hash = "sha256:795e7751525cae078558e679d646ae45574b47ed6e7771863fcc079a6171a0fc", size = 21588, upload-time = "2025-09-27T18:36:48.82Z" },
    { url = "https://files.pythonhosted.org/packages/b5/99/16a5eb2d140087ebd97180d95249b00a03aa87e29cc224056274f2e45fd6/markupsafe-3.0.3-cp313-cp313-musllinux_1_2_x86_64.whl", hash = "sha256:8485f406a96febb5140bfeca44a73e3ce5116b2501ac54fe953e488fb1d03b12", size = 23041, upload-time = "2025-09-27T18:36:49.797Z" },
    { url = "https://files.pythonhosted.org/packages/19/bc/e7140ed90c5d61d77cea142eed9f9c303f4c4806f60a1044c13e3f1471d0/markupsafe-3.0.3-cp313-cp313-win32.whl", hash = "sha256:bdd37121970bfd8be76c5fb069c7751683bdf373db1ed6c010162b2a130248ed", size = 14543, upload-time = "2025-09-27T18:36:51.584Z" },
    { url = "https://files.pythonhosted.org/packages/05/73/c4abe620b841b6b791f2edc248f556900667a5a1cf023a6646967ae98335/markupsafe-3.0.3-cp313-cp313-win_amd64.whl", hash = "sha256:9a1abfdc021a164803f4d485104931fb8f8c1efd55bc6b748d2f5774e78b62c5", size = 15113, upload-time = "2025-09-27T18:36:52.537Z" },
    { url = "https://files.pythonhosted.org/packages/f0/3a/fa34a0f7cfef23cf9500d68cb7c32dd64ffd58a12b09225fb03dd37d5b80/markupsafe-3.0.3-cp313-cp313-win_arm64.whl", hash = "sha256:7e68f88e5b8799aa49c85cd116c932a1ac15caaa3f5db09087854d218359e485", size = 13911, upload-time = "2025-09-27T18:36:53.513Z" },
    { url = "https://files.pythonhosted.org/packages/e4/d7/e05cd7efe43a88a17a37b3ae96e79a19e846f3f456fe79c57ca61356ef01/markupsafe-3.0.3-cp313-cp313t-macosx_10_13_x86_64.whl", hash = "sha256:218551f6df4868a8d527e3062d0fb968682fe92054e89978594c28e642c43a73", size = 11658, upload-time = "2025-09-27T18:36:54.819Z" },
    { url = "https://files.pythonhosted.org/packages/99/9e/e412117548182ce2148bdeacdda3bb494260c0b0184360fe0d56389b523b/markupsafe-3.0.3-cp313-cp313t-macosx_11_0_arm64.whl", hash = "sha256:3524b778fe5cfb3452a09d31e7b5adefeea8c5be1d43c4f810ba09f2ceb29d37", size = 12066, upload-time = "2025-09-27T18:36:55.714Z" },
    { url = "https://files.pythonhosted.org/packages/bc/e6/fa0ffcda717ef64a5108eaa7b4f5ed28d56122c9a6d70ab8b72f9f715c80/markupsafe-3.0.3-cp313-cp313t-manylinux2014_aarch64.manylinux_2_17_aarch64.manylinux_2_28_aarch64.whl", hash = "sha256:4e885a3d1efa2eadc93c894a21770e4bc67899e3543680313b09f139e149ab19", size = 25639, upload-time = "2025-09-27T18:36:56.908Z" },
    { url = "https://files.pythonhosted.org/packages/96/ec/2102e881fe9d25fc16cb4b25d5f5cde50970967ffa5dddafdb771237062d/markupsafe-3.0.3-cp313-cp313t-manylinux2014_x86_64.manylinux_2_17_x86_64.manylinux_2_28_x86_64.whl", hash = "sha256:8709b08f4a89aa7586de0aadc8da56180242ee0ada3999749b183aa23df95025", size = 23569, upload-time = "2025-09-27T18:36:57.913Z" },
    { url = "https://files.pythonhosted.org/packages/4b/30/6f2fce1f1f205fc9323255b216ca8a235b15860c34b6798f810f05828e32/markupsafe-3.0.3-cp313-cp313t-manylinux_2_31_riscv64.manylinux_2_39_riscv64.whl", hash = "sha256:b8512a91625c9b3da6f127803b166b629725e68af71f8184ae7e7d54686a56d6", size = 23284, upload-time = "2025-09-27T18:36:58.833Z" },
    { url = "https://files.pythonhosted.org/packages/58/47/4a0ccea4ab9f5dcb6f79c0236d954acb382202721e704223a8aafa38b5c8/markupsafe-3.0.3-cp313-cp313t-musllinux_1_2_aarch64.whl", hash = "sha256:9b79b7a16f7fedff2495d684f2b59b0457c3b493778c9eed31111be64d58279f", size = 24801, upload-time = "2025-09-27T18:36:59.739Z" },
    { url = "https://files.pythonhosted.org/packages/6a/70/3780e9b72180b6fecb83a4814d84c3bf4b4ae4bf0b19c27196104149734c/markupsafe-3.0.3-cp313-cp313t-musllinux_1_2_riscv64.whl", hash = "sha256:12c63dfb4a98206f045aa9563db46507995f7ef6d83b2f68eda65c307c6829eb", size = 22769, upload-time = "2025-09-27T18:37:00.719Z" },
    { url = "https://files.pythonhosted.org/packages/98/c5/c03c7f4125180fc215220c035beac6b9cb684bc7a067c84fc69414d315f5/markupsafe-3.0.3-cp313-cp313t-musllinux_1_2_x86_64.whl", hash = "sha256:8f71bc33915be5186016f675cd83a1e08523649b0e33efdb898db577ef5bb009", size = 23642, upload-time = "2025-09-27T18:37:01.673Z" },
    { url = "https://files.pythonhosted.org/packages/80/d6/2d1b89f6ca4bff1036499b1e29a1d02d282259f3681540e16563f27ebc23/markupsafe-3.0.3-cp313-cp313t-win32.whl", hash = "sha256:69c0b73548bc525c8cb9a251cddf1931d1db4d2258e9599c28c07ef3580ef354", size = 14612, upload-time = "2025-09-27T18:37:02.639Z" },
    { url = "https://files.pythonhosted.org/packages/2b/98/e48a4bfba0a0ffcf9925fe2d69240bfaa19c6f7507b8cd09c70684a53c1e/markupsafe-3.0.3-cp313-cp313t-win_amd64.whl", hash = "sha256:1b4b79e8ebf6b55351f0d91fe80f893b4743f104bff22e90697db1590e47a218", size = 15200, upload-time = "2025-09-27T18:37:03.582Z" },
    { url = "https://files.pythonhosted.org/packages/0e/72/e3cc540f351f316e9ed0f092757459afbc595824ca724cbc5a5d4263713f/markupsafe-3.0.3-cp313-cp313t-win_arm64.whl", hash = "sha256:ad2cf8aa28b8c020ab2fc8287b0f823d0a7d8630784c31e9ee5edea20f406287", size = 13973, upload-time = "2025-09-27T18:37:04.929Z" },
]

[[package]]
name = "packaging"
version = "25.0"
source = { registry = "https://pypi.org/simple" }
sdist = { url = "https://files.pythonhosted.org/packages/a1/d4/1fc4078c65507b51b96ca8f8c3ba19e6a61c8253c72794544580a7b6c24d/packaging-25.0.tar.gz", hash = "sha256:d443872c98d677bf60f6a1f2f8c1cb748e8fe762d2bf9d3148b5599295b0fc4f", size = 165727, upload-time = "2025-04-19T11:48:59.673Z" }
wheels = [
    { url = "https://files.pythonhosted.org/packages/20/12/38679034af332785aac8774540895e234f4d07f7545804097de4b666afd8/packaging-25.0-py3-none-any.whl", hash = "sha256:29572ef2b1f17581046b3a2227d5c611fb25ec70ca1ba8554b24b0e69331a484", size = 66469, upload-time = "2025-04-19T11:48:57.875Z" },
]

[[package]]
name = "pluggy"
version = "1.6.0"
source = { registry = "https://pypi.org/simple" }
sdist = { url = "https://files.pythonhosted.org/packages/f9/e2/3e91f31a7d2b083fe6ef3fa267035b518369d9511ffab804f839851d2779/pluggy-1.6.0.tar.gz", hash = "sha256:7dcc130b76258d33b90f61b658791dede3486c3e6bfb003ee5c9bfb396dd22f3", size = 69412, upload-time = "2025-05-15T12:30:07.975Z" }
wheels = [
    { url = "https://files.pythonhosted.org/packages/54/20/4d324d65cc6d9205fabedc306948156824eb9f0ee1633355a8f7ec5c66bf/pluggy-1.6.0-py3-none-any.whl", hash = "sha256:e920276dd6813095e9377c0bc5566d94c932c33b27a3e3945d8389c374dd4746", size = 20538, upload-time = "2025-05-15T12:30:06.134Z" },
]

[[package]]
name = "pycparser"
version = "2.23"
source = { registry = "https://pypi.org/simple" }
sdist = { url = "https://files.pythonhosted.org/packages/fe/cf/d2d3b9f5699fb1e4615c8e32ff220203e43b248e1dfcc6736ad9057731ca/pycparser-2.23.tar.gz", hash = "sha256:78816d4f24add8f10a06d6f05b4d424ad9e96cfebf68a4ddc99c65c0720d00c2", size = 173734, upload-time = "2025-09-09T13:23:47.91Z" }
wheels = [
    { url = "https://files.pythonhosted.org/packages/a0/e3/59cd50310fc9b59512193629e1984c1f95e5c8ae6e5d8c69532ccc65a7fe/pycparser-2.23-py3-none-any.whl", hash = "sha256:e5c6e8d3fbad53479cab09ac03729e0a9faf2bee3db8208a550daf5af81a5934", size = 118140, upload-time = "2025-09-09T13:23:46.651Z" },
]

[[package]]
name = "pygments"
version = "2.20.0"
source = { registry = "https://pypi.org/simple" }
sdist = { url = "https://files.pythonhosted.org/packages/c3/b2/bc9c9196916376152d655522fdcebac55e66de6603a76a02bca1b6414f6c/pygments-2.20.0.tar.gz", hash = "sha256:6757cd03768053ff99f3039c1a36d6c0aa0b263438fcab17520b30a303a82b5f", size = 4955991, upload-time = "2026-03-29T13:29:33.898Z" }
wheels = [
    { url = "https://files.pythonhosted.org/packages/f4/7e/a72dd26f3b0f4f2bf1dd8923c85f7ceb43172af56d63c7383eb62b332364/pygments-2.20.0-py3-none-any.whl", hash = "sha256:81a9e26dd42fd28a23a2d169d86d7ac03b46e2f8b59ed4698fb4785f946d0176", size = 1231151, upload-time = "2026-03-29T13:29:30.038Z" },
]

[[package]]
name = "pytest"
version = "9.1.1"
source = { registry = "https://pypi.org/simple" }
dependencies = [
    { name = "colorama", marker = "sys_platform == 'win32'" },
    { name = "iniconfig" },
    { name = "packaging" },
    { name = "pluggy" },
    { name = "pygments" },
]
sdist = { url = "https://files.pythonhosted.org/packages/e4/47/b9efed96c114afcfa3c9d3fe98a76a1d14c74a9e266d397cf6eb64be5e01/pytest-9.1.1.tar.gz", hash = "sha256:1088fbde8f2b49d95a549a195707afa7a76a3ce9bcadc26b6d71f0ffda5fe313", size = 1636369, upload-time = "2026-06-19T10:58:32.857Z" }
wheels = [
    { url = "https://files.pythonhosted.org/packages/24/25/1de2678b631f5a49215c6c96fff41ba892b0a34df68d6d80292b1b48aa7f/pytest-9.1.1-py3-none-any.whl", hash = "sha256:37a86b45efb9a47a61a36449063e8e18d0cab3161329fc099eb21783169c4f0c", size = 386536, upload-time = "2026-06-19T10:58:31.347Z" },
]

[[package]]
name = "pytest-httpserver"
version = "1.1.5"
source = { registry = "https://pypi.org/simple" }
dependencies = [
    { name = "werkzeug" },
]
sdist = { url = "https://files.pythonhosted.org/packages/50/17/ad187f46998814014f7cda309de700b87c0eb4b2e111e18bc8c819be7116/pytest_httpserver-1.1.5.tar.gz", hash = "sha256:dc3d82e1fe00e491829d8939c549bf4bd9b39a260f87113c619b9d517c2f8ff1", size = 70974, upload-time = "2026-02-14T13:27:23.412Z" }
wheels = [
    { url = "https://files.pythonhosted.org/packages/ec/df/0bdf90b84c6a586a9fd2b509523a3ab26b1cc1b1dba2fb62a32e4411ea9e/pytest_httpserver-1.1.5-py3-none-any.whl", hash = "sha256:ee83feb587ab652c0c6729598db2820e9048233bac8df756818b7845a1621d0a", size = 23330, upload-time = "2026-02-14T13:27:22.119Z" },
]

[[package]]
name = "ruff"
version = "0.16.3"
source = { registry = "https://pypi.org/simple" }
sdist = { url = "https://files.pythonhosted.org/packages/61/b3/3213589383f8f1b3938781bd1278713f6d18621a14992b3e81fefb8a5ef9/ruff-0.16.3.tar.gz", hash = "sha256:e76d33a347661a84b5be6d043d0347fdc745dfdcf825a8f4fed64b5e26eebdf2", size = 4891904, upload-time = "2026-08-13T15:17:13.381Z" }
wheels = [
    { url = "https://files.pythonhosted.org/packages/bf/96/493770daebd68c0a67f1549fdf519f53be51fc435186c0585bcc272fd76c/ruff-0.16.3-py3-none-linux_armv6l.whl", hash = "sha256:0c5710e247a58a4521e66e124ba9a74655b414f61ba3a2e9e3811e11098f48f7", size = 10902799, upload-time = "2026-08-13T15:16:27.382Z" },
    { url = "https://files.pythonhosted.org/packages/5e/e6/2becf3942fddc29a29b8df47691d456fb1085391a694f74d84513251418c/ruff-0.16.3-py3-none-macosx_10_12_x86_64.whl", hash = "sha256:fe155130631a2471fd2e14a7a664a4dfbd7194b8229c3d7b2a40b21178639081", size = 11135539, upload-time = "2026-08-13T15:16:30.87Z" },
    { url = "https://files.pythonhosted.org/packages/3e/1e/4b8b72f0d006dbf19326aa99f9ca0ee2ff374187c4d301cf529a51aa06fe/ruff-0.16.3-py3-none-macosx_11_0_arm64.whl", hash = "sha256:e2ed719e14aa64d895c2ee922594a90a43c861a93f0575a95ff8c47cdbd13eb9", size = 10475095, upload-time = "2026-08-13T15:16:33.259Z" },
    { url = "https://files.pythonhosted.org/packages/92/32/2201fa49ba1f6c101ee321e83f051ac7a4b8d07b0ef6b4d3f2772b302275/ruff-0.16.3-py3-none-manylinux_2_17_aarch64.manylinux2014_aarch64.whl", hash = "sha256:9e0b1da805eb043654645d74d5de1e5ce2edc686e40790d2b86f56d71cc06a84", size = 10668771, upload-time = "2026-08-13T15:16:35.65Z" },
    { url = "https://files.pythonhosted.org/packages/c3/66/4afc5c8363bd04d45effce1b7c8713ca037d7a6740b7451a2403a6e3a972/ruff-0.16.3-py3-none-manylinux_2_17_armv7l.manylinux2014_armv7l.whl", hash = "sha256:a37bdea0bbe21780f590bf437d6412c8c4e1b6cd010f91a65c2c40c5e5f5f870", size = 10699568, upload-time = "2026-08-13T15:16:38.195Z" },
    { url = "https://files.pythonhosted.org/packages/53/fd/c67d246bf36bf1698551c56de39e95cd07f70e64433e0098e6267d77061b/ruff-0.16.3-py3-none-manylinux_2_17_i686.manylinux2014_i686.whl", hash = "sha256:09571e6d1288ed9be475207a3ac04ada404f1cd898104be0f6ab8d7df438575b", size = 11499365, upload-time = "2026-08-13T15:16:40.623Z" },
    { url = "https://files.pythonhosted.org/packages/67/0b/00ecbceb99a263af7b12f6f05ac3c92bc47b905e91adc3f207a836e3bc01/ruff-0.16.3-py3-none-manylinux_2_17_ppc64le.manylinux2014_ppc64le.whl", hash = "sha256:2c18c5a101eb540010638cc1ff3c84944d3adb3df62b8d98ca8f22ba484d3413", size = 12311728, upload-time = "2026-08-13T15:16:43.564Z" },
    { url = "https://files.pythonhosted.org/packages/54/b2/b7b3bb54f4d3f7db504e476ad4ab8de530dceebe2c061384b2757ee419e8/ruff-0.16.3-py3-none-manylinux_2_17_s390x.manylinux2014_s390x.whl", hash = "sha256:8457c44f15033c85ddbb77b15d451df9e24e4bd03b628396dd3610cedc3b8f82", size = 11699896, upload-time = "2026-08-13T15:16:46.209Z" },
    { url = "https://files.pythonhosted.org/packages/c7/30/4c468429ac195addc5ee1b717b6ab1b66632786737ca3b2ed3443fb0c26a/ruff-0.16.3-py3-none-manylinux_2_17_x86_64.manylinux2014_x86_64.whl", hash = "sha256:294b95c4ae0cda9388525c2047778aa758d6b8d4bb876fd4e9eaa3ebc92343eb", size = 11058736, upload-time = "2026-08-13T15:16:48.823Z" },
    { url = "https://files.pythonhosted.org/packages/43/67/7a113cdaddf24b64d7f75b1242a99d04c82fcef4f6921fdbb832beaffb5f/ruff-0.16.3-py3-none-manylinux_2_31_riscv64.whl", hash = "sha256:3d0c7c40c87c2a820509c31ba007968da6e1306468c067b2d82fbfdbcd0e8474", size = 11586911, upload-time = "2026-08-13T15:16:51.913Z" },
    { url = "https://files.pythonhosted.org/packages/f1/c1/2e66f24c0f3ead25a5e660111778685e505e5da353c82802bf49f0cbe7b9/ruff-0.16.3-py3-none-musllinux_1_2_aarch64.whl", hash = "sha256:9f738c0fdfa8eed0b2ce7fb27ee7258208a92a68d7949e62aa15164bc7b389da", size = 10954265, upload-time = "2026-08-13T15:16:54.763Z" },
    { url = "https://files.pythonhosted.org/packages/c2/ba/4cee23bf52cba9a058d3726de623624daf50ef9638868edd86f4126157f6/ruff-0.16.3-py3-none-musllinux_1_2_armv7l.whl", hash = "sha256:fb785f0be25abe69d320415cd4f833b59e17ba7613d9ba6a958023b6bceb0a50", size = 10709886, upload-time = "2026-08-13T15:16:57.339Z" },
    { url = "https://files.pythonhosted.org/packages/82/df/7da7194fa5d9dc0a285f7e6fa5a4722e7c63faac0b45b614ded9314363a1/ruff-0.16.3-py3-none-musllinux_1_2_i686.whl", hash = "sha256:c5536e3acfbf9563085aa2be7b13c629c3077e902afc5b941ac44024dbb9f506", size = 11210392, upload-time = "2026-08-13T15:17:00.171Z" },
    { url = "https://files.pythonhosted.org/packages/35/85/7795f6e817af050e7517bf3e7aa9b061cce70ef33d280aad902c956c1ecf/ruff-0.16.3-py3-none-musllinux_1_2_x86_64.whl", hash = "sha256:a2d85c02f9b8e165d85e6779184d38c4132de12603dab59c51c28e22584f9e4d", size = 11626910, upload-time = "2026-08-13T15:17:03.299Z" },
    { url = "https://files.pythonhosted.org/packages/78/9b/475b927cf27a5cbbda3c7bafb69ed6ff77e1d7923d5d85f17c2749d7ae32/ruff-0.16.3-py3-none-win32.whl", hash = "sha256:388cdf2166642bd9b13d52b5932d3170f34f8abed7e8d9a855f1d84b83645a0a", size = 10931415, upload-time = "2026-08-13T15:17:05.726Z" },
    { url = "https://files.pythonhosted.org/packages/b2/99/e2a2bfc4fbf0a1e8a916bc9ebe6fe6c58cc34c28e0ffc6ce281d572d1c2e/ruff-0.16.3-py3-none-win_amd64.whl", hash = "sha256:e80a7d69ca2a6d1c4d352ec91458cdca6e56c83cdbcabd93e4abe1e53591d948", size = 11445993, upload-time = "2026-08-13T15:17:08.353Z" },
    { url = "https://files.pythonhosted.org/packages/69/3e/4132e539aed78c148854d4997a2685b0ed4dc4e87110b59ce528564e184e/ruff-0.16.3-py3-none-win_arm64.whl", hash = "sha256:b8ca152da82c1acc1fa8d5874b15951935f0eef46f10e6954c83859011b6178a", size = 11399302, upload-time = "2026-08-13T15:17:10.908Z" },
]

[[package]]
name = "sgcollect-info"
version = "0.0.1"
source = { virtual = "." }

[package.dev-dependencies]
dev = [
    { name = "pytest" },
    { name = "pytest-httpserver" },
    { name = "ruff" },
    { name = "trustme" },
    { name = "ty" },
]

[package.metadata]

[package.metadata.requires-dev]
dev = [
    { name = "pytest", specifier = ">=9.1.1" },
    { name = "pytest-httpserver", specifier = ">=1.1.5" },
    { name = "ruff", specifier = ">=0.16.3" },
    { name = "trustme", specifier = ">=1.2.1" },
    { name = "ty", specifier = "==0.0.74" },
]

[[package]]
name = "trustme"
version = "1.2.1"
source = { registry = "https://pypi.org/simple" }
dependencies = [
    { name = "cryptography" },
    { name = "idna" },
]
sdist = { url = "https://files.pythonhosted.org/packages/4b/c5/931476f4cf1cd9e736f32651005078061a50dc164a2569fb874e00eb2786/trustme-1.2.1.tar.gz", hash = "sha256:6528ba2bbc7f2db41f33825c8dd13e3e3eb9d334ba0f909713c8c3139f4ae47f", size = 26844, upload-time = "2025-01-02T01:55:32.632Z" }
wheels = [
    { url = "https://files.pythonhosted.org/packages/b5/f3/c34dbabf6da5eda56fe923226769d40e11806952cd7f46655dd06e10f018/trustme-1.2.1-py3-none-any.whl", hash = "sha256:d768e5fc57c86dfc5ec9365102e9b092541cd6954b35d8c1eea01a84f35a762a", size = 16530, upload-time = "2025-01-02T01:55:30.181Z" },
]

[[package]]
name = "ty"
version = "0.0.74"
source = { registry = "https://pypi.org/simple" }
sdist = { url = "https://files.pythonhosted.org/packages/88/0f/c767853e88567a2ec7e996dd95e3105b1bc62c95d103689311ef0f4a603c/ty-0.0.74.tar.gz", hash = "sha256:da14344fc8625fc9ff359bafb856ad575636ea86d9bb6a629b146bff27b380e6", size = 6786318, upload-time = "2026-08-22T15:05:54.054Z" }
wheels = [
    { url = "https://files.pythonhosted.org/packages/2c/95/6ded58bc97885c6d88fa1f9cd815031489200738f961cbf0466663213f80/ty-0.0.74-py3-none-linux_armv6l.whl", hash = "sha256:8969ef4e508debf00cf58f9ea85a539f799b1732c59cdfcecd037630b9755b30", size = 12790043, upload-time = "2026-08-22T15:05:05.015Z" },
    { url = "https://files.pythonhosted.org/packages/d9/8a/5e323603b6ab8731144421877ee8a0f8ac5a5511e67857127caa09f6730e/ty-0.0.74-py3-none-macosx_10_12_x86_64.whl", hash = "sha256:51fb6cf5b98e1e1140825b2430943f78d744876a735231656eafbb4c3f7eca3c", size = 12371748, upload-time = "2026-08-22T15:05:08.609Z" },
    { url = "https://files.pythonhosted.org/packages/d0/44/ee72e08cb705281e8d8c42917dd577aa598a8a098008495fda5176ee3f6e/ty-0.0.74-py3-none-macosx_11_0_arm64.whl", hash = "sha256:8ebe60b1f0a948c793d6c77fc9e9ddda599e4f023c04ab16e8e03bcb428c3fa0", size = 12282403, upload-time = "2026-08-22T15:05:11.448Z" },
    { url = "https://files.pythonhosted.org/packages/da/b3/fd935b694ff68bc278af50f7ad04770b36ce6306399baef7e1847b553a9d/ty-0.0.74-py3-none-manylinux_2_17_aarch64.manylinux2014_aarch64.whl", hash = "sha256:aa97f407a695c890a53615966a663c7d2167e2cabe88db7ca1a24d62635cdfc8", size = 12345164, upload-time = "2026-08-22T15:05:14.19Z" },
    { url = "https://files.pythonhosted.org/packages/54/5c/5b5825268e029ebb164c909780103dbbae367f069801410068bf1cef29b3/ty-0.0.74-py3-none-manylinux_2_17_armv7l.manylinux2014_armv7l.whl", hash = "sha256:673ddb733d4a0db31385ba1ed9ff1f6bd9dc5565413ce57b1ca5ac4c7803da5d", size = 12556646, upload-time = "2026-08-22T15:05:16.994Z" },
    { url = "https://files.pythonhosted.org/packages/56/e7/515914e571d62ce0101744fed3f881936eeb1b30dc37beb72b4f7ca1e289/ty-0.0.74-py3-none-manylinux_2_17_i686.manylinux2014_i686.whl", hash = "sha256:1028e7c6b4f6145e9704552f43a5fffdcd51b42263ffdcd9c9677762bc395a4a", size = 13311653, upload-time = "2026-08-22T15:05:20.254Z" },
    { url = "https://files.pythonhosted.org/packages/b0/07/d1452babb6f9266c2122cabc095180b70ed306fb770b2996753814d2237d/ty-0.0.74-py3-none-manylinux_2_17_ppc64le.manylinux2014_ppc64le.whl", hash = "sha256:79841a8890493021fb308772474983316eb91f7b56cb227a6a05a06b262a36f0", size = 13768284, upload-time = "2026-08-22T15:05:23.197Z" },
    { url = "https://files.pythonhosted.org/packages/b1/60/8d4a2fc7842a47210a1cb0a16a187d9de39ad5d509a00fb74c1c073afcde/ty-0.0.74-py3-none-manylinux_2_17_s390x.manylinux2014_s390x.whl", hash = "sha256:94859d321f3c6a6c8f7bfc3f40e8319cda7e6e012e613440f3dfd145d5010e2e", size = 13422306, upload-time = "2026-08-22T15:05:26.248Z" },
    { url = "https://files.pythonhosted.org/packages/de/76/ebbc269a8c4efcc4d44624993bd188145f20d60ebda9680b15aaec42cc50/ty-0.0.74-py3-none-manylinux_2_17_x86_64.manylinux2014_x86_64.whl", hash = "sha256:970a8b2c09ff3be04c8a1c6767332d861be4fce85efe7bb205e4ade7c8655274", size = 12970637, upload-time = "2026-08-22T15:05:29.15Z" },
    { url = "https://files.pythonhosted.org/packages/9e/dd/b99f7236acbf856780ca1779a48143d2d9f2c24d7f531a0ce15a022b8a87/ty-0.0.74-py3-none-manylinux_2_31_riscv64.whl", hash = "sha256:795f763b3ded85574c2c2846a6fb8acf2aa76e9e83d761143e92b1f0c7ffa2cd", size = 13344891, upload-time = "2026-08-22T15:05:32.033Z" },
    { url = "https://files.pythonhosted.org/packages/0b/d7/9ff7449a4c7e6428f2c6f298e74cf24b70668f29d45c249507a723ff3782/ty-0.0.74-py3-none-musllinux_1_2_aarch64.whl", hash = "sha256:dc086db5367d912c31c0cc872deb7387290e779a4b9b54fcb944673a7cd52c7b", size = 12395272, upload-time = "2026-08-22T15:05:34.702Z" },
    { url = "https://files.pythonhosted.org/packages/b1/dd/b23a5b6b35d37df89dc8dc5daa09efd9245a668b50c4c81c25de21567dc1/ty-0.0.74-py3-none-musllinux_1_2_armv7l.whl", hash = "sha256:0314d7b391cf684e47c2fa093d2ce4c597cfc9b01d9a315fe204aed6359b271b", size = 12573079, upload-time = "2026-08-22T15:05:37.683Z" },
    { url = "https://files.pythonhosted.org/packages/23/c5/ccba16239d6129533c8b3603458d0f4dd2ba69478e47059073968e74261d/ty-0.0.74-py3-none-musllinux_1_2_i686.whl", hash = "sha256:c4a45dd2e991e8bdae82ba78c8cd051b253f60bc71a6536598fa3ef580b4fc9b", size = 12832506, upload-time = "2026-08-22T15:05:40.505Z" },
    { url = "https://files.pythonhosted.org/packages/6d/1c/2390912634dff4f341f97b397f2aee341ff062be0a66cda37d59375454f2/ty-0.0.74-py3-none-musllinux_1_2_x86_64.whl", hash = "sha256:210e2eac6b018fb934e2b8dac3956a0ba076a3fb1fa6f135058c825e5b759b81", size = 13154752, upload-time = "2026-08-22T15:05:43.355Z" },
    { url = "https://files.pythonhosted.org/packages/c4/33/a8c12188227e6f74f91853a7374e01ed81d6ad21c16c8b70e92dbebfe46a/ty-0.0.74-py3-none-win32.whl", hash = "sha256:db0bb6a8f098ef9bd1be861f73b4f7c0320d40d4c05c7ae0a8677d4e7aa4f6e5", size = 12130002, upload-time = "2026-08-22T15:05:46.058Z" },
    { url = "https://files.pythonhosted.org/packages/21/5c/064f28ccb9c234cfce5a2f7aa69a256663d5ae5bb0290b3a9706cc4d1e4c/ty-0.0.74-py3-none-win_amd64.whl", hash = "sha256:bebff181515255b3c78bd2e7693ae66fab6064ad4feea2065c68bc01022aa678", size = 12771435, upload-time = "2026-08-22T15:05:48.811Z" },
    { url = "https://files.pythonhosted.org/packages/fe/06/d6becdaca0315346c26b6df97cb0eafa81de4f870945d6989e88704374ed/ty-0.0.74-py3-none-win_arm64.whl", hash = "sha256:1a3469eaaf8c85b1c0a15bede25d36daea4b09fce1d913e965b24e24b3f1d6c6", size = 12558299, upload-time = "2026-08-22T15:05:51.543Z" },
]

[[package]]
name = "werkzeug"
version = "3.1.6"
source = { registry = "https://pypi.org/simple" }
dependencies = [
    { name = "markupsafe" },
]
sdist = { url = "https://files.pythonhosted.org/packages/61/f1/ee81806690a87dab5f5653c1f146c92bc066d7f4cebc603ef88eb9e13957/werkzeug-3.1.6.tar.gz", hash = "sha256:210c6bede5a420a913956b4791a7f4d6843a43b6fcee4dfa08a65e93007d0d25", size = 864736, upload-time = "2026-02-19T15:17:18.884Z" }
wheels = [
    { url = "https://files.pythonhosted.org/packages/4d/ec/d58832f89ede95652fd01f4f24236af7d32b70cab2196dfcc2d2fd13c5c2/werkzeug-3.1.6-py3-none-any.whl", hash = "sha256:7ddf3357bb9564e407607f988f683d72038551200c704012bb9a4c523d42f131", size = 225166, upload-time = "2026-02-19T15:17:17.475Z" },
]
